
Microsoft Visual Studio Solution File, Format Version 12.00
# Visual Studio 14
VisualStudioVersion = 14.0.25420.1
MinimumVisualStudioVersion = 10.0.40219.1
Project("{FAE04EC0-301F-11D3-BF4B-00C04F79EFBC}") = "Abstract Factory", "Abstract Factory\Abstract Factory.csproj", "{5CBBFC1D-4E4B-4505-80DD-3E7CC75CE887}"
EndProject
Project("{FAE04EC0-301F-11D3-BF4B-00C04F79EFBC}") = "Builder", "Builder\Builder.csproj", "{15CF22B7-11AA-4435-BFBA-0F92F440A80A}"
EndProject
Project("{FAE04EC0-301F-11D3-BF4B-00C04F79EFBC}") = "Factory Method", "Factory Method\Factory Method.csproj", "{AD075959-6DD2-45AB-9245-A45D3BEFD604}"
EndProject
Project("{2150E333-8FDC-42A3-9474-1A3956D46DE8}") = "Creational Patterns", "Creational Patterns", "{38BEE7C7-9848-483B-AA98-1F6258596C0C}"
EndProject
Project("{FAE04EC0-301F-11D3-BF4B-00C04F79EFBC}") = "Prototype", "Prototype\Prototype.csproj", "{CC9869B3-0DA0-45BA-AA4D-B59089D317B6}"
EndProject
Project("{FAE04EC0-301F-11D3-BF4B-00C04F79EFBC}") = "Singleton", "Singleton\Singleton.csproj", "{262CA3DE-5D1E-438B-B5A7-57ED71669928}"
EndProject
Global
	GlobalSection(SolutionConfigurationPlatforms) = preSolution
		Debug|Any CPU = Debug|Any CPU
		Release|Any CPU = Release|Any CPU
	EndGlobalSection
	GlobalSection(ProjectConfigurationPlatforms) = postSolution
		{5CBBFC1D-4E4B-4505-80DD-3E7CC75CE887}.Debug|Any CPU.ActiveCfg = Debug|Any CPU
		{5CBBFC1D-4E4B-4505-80DD-3E7CC75CE887}.Debug|Any CPU.Build.0 = Debug|Any CPU
		{5CBBFC1D-4E4B-4505-80DD-3E7CC75CE887}.Release|Any CPU.ActiveCfg = Release|Any CPU
		{5CBBFC1D-4E4B-4505-80DD-3E7CC75CE887}.Release|Any CPU.Build.0 = Release|Any CPU
		{15CF22B7-11AA-4435-BFBA-0F92F440A80A}.Debug|Any CPU.ActiveCfg = Debug|Any CPU
		{15CF22B7-11AA-4435-BFBA-0F92F440A80A}.Debug|Any CPU.Build.0 = Debug|Any CPU
		{15CF22B7-11AA-4435-BFBA-0F92F440A80A}.Release|Any CPU.ActiveCfg = Release|Any CPU
		{15CF22B7-11AA-4435-BFBA-0F92F440A80A}.Release|Any CPU.Build.0 = Release|Any CPU
		{AD075959-6DD2-45AB-9245-A45D3BEFD604}.Debug|Any CPU.ActiveCfg = Debug|Any CPU
		{AD075959-6DD2-45AB-9245-A45D3BEFD604}.Debug|Any CPU.Build.0 = Debug|Any CPU
		{AD075959-6DD2-45AB-9245-A45D3BEFD604}.Release|Any CPU.ActiveCfg = Release|Any CPU
		{AD075959-6DD2-45AB-9245-A45D3BEFD604}.Release|Any CPU.Build.0 = Release|Any CPU
		{CC9869B3-0DA0-45BA-AA4D-B59089D317B6}.Debug|Any CPU.ActiveCfg = Debug|Any CPU
		{CC9869B3-0DA0-45BA-AA4D-B59089D317B6}.Debug|Any CPU.Build.0 = Debug|Any CPU
		{CC9869B3-0DA0-45BA-AA4D-B59089D317B6}.Release|Any CPU.ActiveCfg = Release|Any CPU
		{CC9869B3-0DA0-45BA-AA4D-B59089D317B6}.Release|Any CPU.Build.0 = Release|Any CPU
		{262CA3DE-5D1E-438B-B5A7-57ED71669928}.Debug|Any CPU.ActiveCfg = Debug|Any CPU
		{262CA3DE-5D1E-438B-B5A7-57ED71669928}.Debug|Any CPU.Build.0 = Debug|Any CPU
		{262CA3DE-5D1E-438B-B5A7-57ED71669928}.Release|Any CPU.ActiveCfg = Release|Any CPU
		{262CA3DE-5D1E-438B-B5A7-57ED71669928}.Release|Any CPU.Build.0 = Release|Any CPU
	EndGlobalSection
	GlobalSection(SolutionProperties) = preSolution
		HideSolutionNode = FALSE
	EndGlobalSection
	GlobalSection(NestedProjects) = preSolution
		{5CBBFC1D-4E4B-4505-80DD-3E7CC75CE887} = {38BEE7C7-9848-483B-AA98-1F6258596C0C}
		{15CF22B7-11AA-4435-BFBA-0F92F440A80A} = {38BEE7C7-9848-483B-AA98-1F6258596C0C}
		{AD075959-6DD2-45AB-9245-A45D3BEFD604} = {38BEE7C7-9848-483B-AA98-1F6258596C0C}
		{CC9869B3-0DA0-45BA-AA4D-B59089D317B6} = {38BEE7C7-9848-483B-AA98-1F6258596C0C}
		{262CA3DE-5D1E-438B-B5A7-57ED71669928} = {38BEE7C7-9848-483B-AA98-1F6258596C0C}
	EndGlobalSection
EndGlobal
